
Microsoft Visual Studio Solution File, Format Version 12.00
Project("{FAE04EC0-301F-11D3-BF4B-00C04F79EFBC}") = "Web", "src\Web\Web.csproj", "{9F3BC02C-7A1D-404D-A622-C7659703AEBA}"
EndProject
Global
	GlobalSection(SolutionConfigurationPlatforms) = preSolution
		Debug|Any CPU = Debug|Any CPU
		Release|Any CPU = Release|Any CPU
	EndGlobalSection
	GlobalSection(ProjectConfigurationPlatforms) = postSolution
		{9F3BC02C-7A1D-404D-A622-C7659703AEBA}.Debug|Any CPU.ActiveCfg = Debug|Any CPU
		{9F3BC02C-7A1D-404D-A622-C7659703AEBA}.Debug|Any CPU.Build.0 = Debug|Any CPU
		{9F3BC02C-7A1D-404D-A622-C7659703AEBA}.Release|Any CPU.ActiveCfg = Release|Any CPU
		{9F3BC02C-7A1D-404D-A622-C7659703AEBA}.Release|Any CPU.Build.0 = Release|Any CPU
	EndGlobalSection
EndGlobal
